# This file is autogenerated, do not edit; changes may be undone by the next 'dep ensure'.


[[projects]]
  branch = "master"
  name = "github.com/go-gl/gl"
  packages = ["v4.1-core/gl"]
  revision = "55b76b7df9d25d70b63e31a767f47158292b85d8"

[[projects]]
  branch = "master"
  name = "github.com/go-gl/glfw"
  packages = ["v3.2/glfw"]
  revision = "691ee1b84c51ae625ed1aafebc915d3db3d63d66"

[[projects]]
  branch = "master"
  name = "github.com/go-gl/mathgl"
  packages = ["mgl32","mgl64"]
  revision = "cdf14b6b8f8a4a1bfb003dd5119205c5f711d85a"

[[projects]]
  branch = "master"
  name = "github.com/raedatoui/assimp"
  packages = ["."]
  revision = "d76592e15eb9f8477761b0dcba004ff0c52c6723"

[[projects]]
  branch = "master"
  name = "github.com/raedatoui/glutils"
  packages = ["."]
  revision = "7cd8d44edb49ec3afcdeedb5f5b0256de90e95e2"

[[projects]]
  branch = "master"
  name = "github.com/ryjen/imgui-go"
  packages = ["."]
  revision = "8a06e075609d4a334caab7896bc13e2afcef49ea"

[[projects]]
  branch = "master"
  name = "golang.org/x/image"
  packages = ["math/f32","math/f64"]
  revision = "cd38e8056d9b27bb2f265effa37fb0ea6b8a7f0f"

[solve-meta]
  analyzer-name = "dep"
  analyzer-version = 1
  inputs-digest = "c4b145f013c0168828d13293e37480411c0bd61144e4ba8a3dc53afb0f904993"
  solver-name = "gps-cdcl"
  solver-version = 1
