# This file is autogenerated, do not edit; changes may be undone by the next 'dep ensure'.


[[projects]]
  branch = "master"
  name = "github.com/banthar/Go-SDL"
  packages = ["gfx","sdl"]
  revision = "e9b5408a8e7eac0758773e7a092629af105a9e2b"

[[projects]]
  branch = "master"
  name = "github.com/go-gl/gl"
  packages = ["v4.1-core/gl"]
  revision = "55b76b7df9d25d70b63e31a767f47158292b85d8"

[[projects]]
  branch = "master"
  name = "github.com/go-gl/glfw"
  packages = ["v3.2/glfw"]
  revision = "691ee1b84c51ae625ed1aafebc915d3db3d63d66"

[[projects]]
  branch = "master"
  name = "github.com/ryjen/imgui-go"
  packages = ["."]
  revision = "ee445d8d129e241343516de8cd034853c48458d7"

[solve-meta]
  analyzer-name = "dep"
  analyzer-version = 1
  inputs-digest = "3a0d86a3dd7478680326bc19c3dc09af500983e135e9a4a9ee585b7cfd2803f8"
  solver-name = "gps-cdcl"
  solver-version = 1
